{
    "_meta": {
        "hash": {
            "sha256": "9dc8cee04276f07d264b60988c0638a59ede08269adc1460ce7fada823f00cf6"
        },
        "pipfile-spec": 6,
        "requires": {
            "python_version": "3.6"
        },
        "sources": [
            {
                "name": "pypi",
                "url": "https://pypi.org/simple",
                "verify_ssl": true
            }
        ]
    },
    "default": {
        "pymssql": {
            "hashes": [
                "sha256:0479294789d7f230016d87e115a23e51617909611de7b1ced1263c1e365f6c91",
                "sha256:056dacf9120ae3a01955c52ce425b7ee7da499b27bd80f3bfcfb4013ae7adff8",
                "sha256:084deb1462fb52c0d802b006c673f3a02ce562b7b3a2f65f6a6bd2162a0850a2",
                "sha256:254e3552b6a52b40cb437f4b75683e003398f8ce12da0e40908a07703882802d",
                "sha256:3201eb1b1263ad55b555d727ed8bed0b12b7b9de3ce5e529206e36d4be1a7afb",
                "sha256:46dcd9c2f371d7d5744c22d6a3dc426b10debd12e0cab5b69c92f29b8eb90e21",
                "sha256:47a567ed94618a89c83b8ce24c886ff65f0c063ef02ed7240b98ab953ca95b5d",
                "sha256:4fd384371ddc260c12d79dc8bcc239c722d571d1701cba1ec7788617db603a06",
                "sha256:6da06dd6a37b3472b034a82fd156c63c6cb288b996a6ef252e874e343b37a254",
                "sha256:7544b8b1b38d101f0b7bd794d2da53dd19fee38e3dfe7312cd9bc87252347260",
                "sha256:7a3869e6f0ea3a49f4faf8489638341578b4e638e86dc4067a69e8fa5d0469a2",
                "sha256:bc2f3f93711cb6262cee83f63e9e38021a79f0d1b4c0deec7f68de97b49a8938",
                "sha256:c32df8c15dda0a23551348a51b7b41f0bfe25be8925c7afebcef977f89cceb62",
                "sha256:c830088a8c1571e4606edd461d5f2291c8dacea2cd615466fb4764773d968949",
                "sha256:cfbce903ed29d2979168ac5d253e8241cb73901ec79c1e6692eb912ebc990be9",
                "sha256:d30001a9e00dbbb7ca04922eeb4df89e946bb083bbf7114667b8cbb7e08d9a0c",
                "sha256:d3bf234eeb24ba6048ab1bb069395e3acd212376e91d8d7fdfdcfef60178cef4",
                "sha256:e077af5c80e768976b47789644bd7ea211131b5d8ed174e44995b3ef34009aad",
                "sha256:e730e1fbbde44227ad34c024e71c1764503cf97c3812c520766867d1ee916e68",
                "sha256:ebecdd63e9a6c871dcd25c877895f9ed2ba96549743cb4d45d201fc478f1bf28",
                "sha256:f58810f6917916af539948b3ed53881aca4aa7db80b662dcabcbf93a3cdea938",
                "sha256:fb340fbf5525ea51c5d4b704340a6fe8ec97e5380b5cd17107ea48179d1c1605",
                "sha256:fe7e4bf3c79b3f0425588bd99188e431727f4d6b19249dcb81b94e10d261d86f"
            ],
            "index": "pypi",
            "version": "==2.1.4"
        }
    },
    "develop": {}
}
